<?xml version="1.0" encoding="utf-8"?>
<Project ToolsVersion="4.0" xmlns="http://schemas.microsoft.com/developer/msbuild/2003">
  <ItemGroup>
    <Filter Include="Source Files">
      <UniqueIdentifier>{4FC737F1-C7A5-4376-A066-2A32D752A2FF}</UniqueIdentifier>
      <Extensions>cpp;c;cc;cxx;def;odl;idl;hpj;bat;asm;asmx</Extensions>
    </Filter>
    <Filter Include="Header Files">
      <UniqueIdentifier>{93995380-89BD-4b04-88EB-625FBE52EBFB}</UniqueIdentifier>
      <Extensions>h;hh;hpp;hxx;hm;inl;inc;xsd</Extensions>
    </Filter>
    <Filter Include="Resource Files">
      <UniqueIdentifier>{67DA6AB6-F800-4c08-8B7A-83BB121AAD01}</UniqueIdentifier>
      <Extensions>rc;ico;cur;bmp;dlg;rc2;rct;bin;rgs;gif;jpg;jpeg;jpe;resx;tiff;tif;png;wav;mfcribbon-ms</Extensions>
    </Filter>
  </ItemGroup>
  <ItemGroup>
    <ClInclude Include="src\core\types\bool.h">
      <Filter>Header Files</Filter>
    </ClInclude>
    <ClInclude Include="src\core\memory.h">
      <Filter>Header Files</Filter>
    </ClInclude>
    <ClInclude Include="src\structures\crypto.h">
      <Filter>Header Files</Filter>
    </ClInclude>
    <ClInclude Include="src\crypto\hashing\ripemd160.h">
      <Filter>Header Files</Filter>
    </ClInclude>
    <ClInclude Include="src\core\bits.h">
      <Filter>Header Files</Filter>
    </ClInclude>
    <ClInclude Include="src\core\error.h">
      <Filter>Header Files</Filter>
    </ClInclude>
    <ClInclude Include="src\core\sbapi.h">
      <Filter>Header Files</Filter>
    </ClInclude>
    <ClInclude Include="src\crypto\symmetric\rijndael.h">
      <Filter>Header Files</Filter>
    </ClInclude>
    <ClInclude Include="src\crypto\blockmode.h">
      <Filter>Header Files</Filter>
    </ClInclude>
    <ClInclude Include="src\core\time.h">
      <Filter>Header Files</Filter>
    </ClInclude>
    <ClInclude Include="src\core\math.h">
      <Filter>Header Files</Filter>
    </ClInclude>
    <ClInclude Include="src\crypto\asymmetric\diffiehellman.h">
      <Filter>Header Files</Filter>
    </ClInclude>
    <ClInclude Include="src\crypto\symmetric\salsa20.h">
      <Filter>Header Files</Filter>
    </ClInclude>
    <ClInclude Include="src\core\platform.h">
      <Filter>Header Files</Filter>
    </ClInclude>
    <ClInclude Include="src\crypto\hashing\md5.h">
      <Filter>Header Files</Filter>
    </ClInclude>
    <ClInclude Include="src\crypto\padding\pkcs7.h">
      <Filter>Header Files</Filter>
    </ClInclude>
    <ClInclude Include="src\core\identid.h">
      <Filter>Header Files</Filter>
    </ClInclude>
    <ClInclude Include="src\crypto\prng\isaac.h">
      <Filter>Header Files</Filter>
    </ClInclude>
  </ItemGroup>
  <ItemGroup>
    <ClCompile Include="src\core\memory.c">
      <Filter>Source Files</Filter>
    </ClCompile>
    <ClCompile Include="src\crypto\asymmetric\diffiehellman.c">
      <Filter>Source Files</Filter>
    </ClCompile>
    <ClCompile Include="src\crypto\symmetric\rijndael.c">
      <Filter>Source Files</Filter>
    </ClCompile>
    <ClCompile Include="src\structures\crypto.c">
      <Filter>Source Files</Filter>
    </ClCompile>
    <ClCompile Include="src\dllmain.c">
      <Filter>Source Files</Filter>
    </ClCompile>
    <ClCompile Include="src\crypto\hashing\ripemd160.c">
      <Filter>Source Files</Filter>
    </ClCompile>
    <ClCompile Include="src\core\error.c">
      <Filter>Source Files</Filter>
    </ClCompile>
    <ClCompile Include="src\crypto\blockmode.c">
      <Filter>Source Files</Filter>
    </ClCompile>
    <ClCompile Include="src\core\time.c">
      <Filter>Source Files</Filter>
    </ClCompile>
    <ClCompile Include="src\core\math.c">
      <Filter>Source Files</Filter>
    </ClCompile>
    <ClCompile Include="src\crypto\symmetric\salsa20.c">
      <Filter>Source Files</Filter>
    </ClCompile>
    <ClCompile Include="src\crypto\hashing\md5.c">
      <Filter>Source Files</Filter>
    </ClCompile>
    <ClCompile Include="src\crypto\padding\pkcs7.c">
      <Filter>Source Files</Filter>
    </ClCompile>
    <ClCompile Include="src\crypto\prng\isaac.c">
      <Filter>Source Files</Filter>
    </ClCompile>
  </ItemGroup>
</Project>