<?xml version="1.0" encoding="utf-8"?>
<Project ToolsVersion="4.0" xmlns="http://schemas.microsoft.com/developer/msbuild/2003">
  <ItemGroup>
    <Filter Include="Source Files">
      <UniqueIdentifier>{4FC737F1-C7A5-4376-A066-2A32D752A2FF}</UniqueIdentifier>
      <Extensions>cpp;c;cc;cxx;def;odl;idl;hpj;bat;asm;asmx</Extensions>
    </Filter>
    <Filter Include="Header Files">
      <UniqueIdentifier>{93995380-89BD-4b04-88EB-625FBE52EBFB}</UniqueIdentifier>
      <Extensions>h;hh;hpp;hxx;hm;inl;inc;xsd</Extensions>
    </Filter>
    <Filter Include="Resource Files">
      <UniqueIdentifier>{67DA6AB6-F800-4c08-8B7A-83BB121AAD01}</UniqueIdentifier>
      <Extensions>rc;ico;cur;bmp;dlg;rc2;rct;bin;rgs;gif;jpg;jpeg;jpe;resx;tiff;tif;png;wav;mfcribbon-ms</Extensions>
    </Filter>
  </ItemGroup>
  <ItemGroup>
    <ClInclude Include="core\types\bool.h">
      <Filter>Header Files</Filter>
    </ClInclude>
    <ClInclude Include="core\types\dictionary.h">
      <Filter>Header Files</Filter>
    </ClInclude>
    <ClInclude Include="core\bits.h">
      <Filter>Header Files</Filter>
    </ClInclude>
    <ClInclude Include="core\error.h">
      <Filter>Header Files</Filter>
    </ClInclude>
    <ClInclude Include="core\identid.h">
      <Filter>Header Files</Filter>
    </ClInclude>
    <ClInclude Include="core\math.h">
      <Filter>Header Files</Filter>
    </ClInclude>
    <ClInclude Include="core\memory.h">
      <Filter>Header Files</Filter>
    </ClInclude>
    <ClInclude Include="core\platform.h">
      <Filter>Header Files</Filter>
    </ClInclude>
    <ClInclude Include="core\sbapi.h">
      <Filter>Header Files</Filter>
    </ClInclude>
    <ClInclude Include="core\stdincl.h">
      <Filter>Header Files</Filter>
    </ClInclude>
    <ClInclude Include="core\time.h">
      <Filter>Header Files</Filter>
    </ClInclude>
    <ClInclude Include="crypto\hashing\md5.h">
      <Filter>Header Files</Filter>
    </ClInclude>
    <ClInclude Include="crypto\hashing\ripemd160.h">
      <Filter>Header Files</Filter>
    </ClInclude>
    <ClInclude Include="crypto\hashing\sha256.h">
      <Filter>Header Files</Filter>
    </ClInclude>
    <ClInclude Include="crypto\hashing\sha512.h">
      <Filter>Header Files</Filter>
    </ClInclude>
    <ClInclude Include="crypto\key_exchange\diffiehellman.h">
      <Filter>Header Files</Filter>
    </ClInclude>
    <ClInclude Include="crypto\padding\iso97971-2.h">
      <Filter>Header Files</Filter>
    </ClInclude>
    <ClInclude Include="crypto\padding\pkcs7.h">
      <Filter>Header Files</Filter>
    </ClInclude>
    <ClInclude Include="crypto\padding\zero.h">
      <Filter>Header Files</Filter>
    </ClInclude>
    <ClInclude Include="crypto\prng\isaac.h">
      <Filter>Header Files</Filter>
    </ClInclude>
    <ClInclude Include="crypto\symmetric\rabbit.h">
      <Filter>Header Files</Filter>
    </ClInclude>
    <ClInclude Include="crypto\symmetric\rijndael.h">
      <Filter>Header Files</Filter>
    </ClInclude>
    <ClInclude Include="crypto\symmetric\salsa20.h">
      <Filter>Header Files</Filter>
    </ClInclude>
    <ClInclude Include="crypto\blockmode.h">
      <Filter>Header Files</Filter>
    </ClInclude>
    <ClInclude Include="crypto\cipher.h">
      <Filter>Header Files</Filter>
    </ClInclude>
    <ClInclude Include="crypto\keygen.h">
      <Filter>Header Files</Filter>
    </ClInclude>
    <ClInclude Include="crypto\random.h">
      <Filter>Header Files</Filter>
    </ClInclude>
    <ClInclude Include="misc\gmp.h">
      <Filter>Header Files</Filter>
    </ClInclude>
    <ClInclude Include="networking\socket.h">
      <Filter>Header Files</Filter>
    </ClInclude>
    <ClInclude Include="core\cli.h">
      <Filter>Header Files</Filter>
    </ClInclude>
    <ClInclude Include="crypto\seedgen.h">
      <Filter>Header Files</Filter>
    </ClInclude>
  </ItemGroup>
  <ItemGroup>
    <ClCompile Include="dllmain.c">
      <Filter>Source Files</Filter>
    </ClCompile>
    <ClCompile Include="core\types\dictionary.c">
      <Filter>Source Files</Filter>
    </ClCompile>
    <ClCompile Include="core\error.c">
      <Filter>Source Files</Filter>
    </ClCompile>
    <ClCompile Include="core\math.c">
      <Filter>Source Files</Filter>
    </ClCompile>
    <ClCompile Include="core\memory.c">
      <Filter>Source Files</Filter>
    </ClCompile>
    <ClCompile Include="core\time.c">
      <Filter>Source Files</Filter>
    </ClCompile>
    <ClCompile Include="crypto\hashing\md5.c">
      <Filter>Source Files</Filter>
    </ClCompile>
    <ClCompile Include="crypto\hashing\ripemd160.c">
      <Filter>Source Files</Filter>
    </ClCompile>
    <ClCompile Include="crypto\hashing\sha256.c">
      <Filter>Source Files</Filter>
    </ClCompile>
    <ClCompile Include="crypto\hashing\sha512.c">
      <Filter>Source Files</Filter>
    </ClCompile>
    <ClCompile Include="crypto\key_exchange\diffiehellman.c">
      <Filter>Source Files</Filter>
    </ClCompile>
    <ClCompile Include="crypto\padding\iso97971-2.c">
      <Filter>Source Files</Filter>
    </ClCompile>
    <ClCompile Include="crypto\padding\pkcs7.c">
      <Filter>Source Files</Filter>
    </ClCompile>
    <ClCompile Include="crypto\padding\zero.c">
      <Filter>Source Files</Filter>
    </ClCompile>
    <ClCompile Include="crypto\prng\isaac.c">
      <Filter>Source Files</Filter>
    </ClCompile>
    <ClCompile Include="crypto\symmetric\rabbit.c">
      <Filter>Source Files</Filter>
    </ClCompile>
    <ClCompile Include="crypto\symmetric\rijndael.c">
      <Filter>Source Files</Filter>
    </ClCompile>
    <ClCompile Include="crypto\symmetric\salsa20.c">
      <Filter>Source Files</Filter>
    </ClCompile>
    <ClCompile Include="crypto\blockmode.c">
      <Filter>Source Files</Filter>
    </ClCompile>
    <ClCompile Include="crypto\cipher.c">
      <Filter>Source Files</Filter>
    </ClCompile>
    <ClCompile Include="crypto\keygen.c">
      <Filter>Source Files</Filter>
    </ClCompile>
    <ClCompile Include="crypto\random.c">
      <Filter>Source Files</Filter>
    </ClCompile>
    <ClCompile Include="misc\gmp.c">
      <Filter>Source Files</Filter>
    </ClCompile>
    <ClCompile Include="networking\socket.c">
      <Filter>Source Files</Filter>
    </ClCompile>
    <ClCompile Include="core\cli.c">
      <Filter>Source Files</Filter>
    </ClCompile>
    <ClCompile Include="crypto\seedgen.c">
      <Filter>Source Files</Filter>
    </ClCompile>
  </ItemGroup>
  <ItemGroup>
    <None Include="libstrawberry.cbp" />
    <None Include="doc\CompilerFlags.spec" />
    <None Include="doc\FileLicenseTemplate.spec" />
  </ItemGroup>
</Project>