<?xml version="1.0" encoding="UTF-8" standalone="yes" ?>
<CodeBlocks_project_file>
	<FileVersion major="1" minor="6" />
	<Project>
		<Option title="libstrawberry" />
		<Option pch_mode="2" />
		<Option compiler="gcc" />
		<Build>
			<Target title="Debug - GCC">
				<Option output="../bin/strawberry" prefix_auto="1" extension_auto="1" />
				<Option object_output="../obj/libstrawberry/" />
				<Option type="3" />
				<Option compiler="gcc" />
				<Option createDefFile="1" />
				<Option createStaticLib="1" />
				<Compiler>
					<Add option="-g" />
					<Add option="-fPIC" />
					<Add option="-Wno-unused-const-variable" />
					<Add option="-DDEBUG" />
					<Add option="-D_SB_ERROR_REPORTING" />
				</Compiler>
			</Target>
			<Target title="Release - GCC">
				<Option output="../bin/strawberry" prefix_auto="1" extension_auto="1" />
				<Option object_output="../obj/libstrawberry/" />
				<Option type="3" />
				<Option compiler="gcc" />
				<Option createDefFile="1" />
				<Option createStaticLib="1" />
				<Compiler>
					<Add option="-O2" />
					<Add option="-fPIC" />
					<Add option="-Wno-unused-const-variable" />
					<Add option="-fno-strict-aliasing" />
					<Add option="-DRELEASE" />
				</Compiler>
				<Linker>
					<Add option="-s" />
				</Linker>
			</Target>
			<Target title="Debug - MinGW">
				<Option output="../bin/libstrawberry" prefix_auto="0" extension_auto="1" />
				<Option object_output="../obj/libstrawberry/" />
				<Option type="3" />
				<Option compiler="gcc" />
				<Option createDefFile="1" />
				<Option createStaticLib="1" />
				<Compiler>
					<Add option="-m32" />
					<Add option="-g" />
					<Add option="-DDEBUG" />
					<Add option="-DSB_ERROR_REPORTING" />
					<Add directory="../dep/windows/include" />
				</Compiler>
				<Linker>
					<Add option="-m32" />
					<Add option="-lws2_32" />
					<Add directory="../dep/windows/x86" />
				</Linker>
			</Target>
			<Target title="Release - MinGW">
				<Option output="../bin/libstrawberry" prefix_auto="0" extension_auto="1" />
				<Option object_output="../obj/libstrawberry/" />
				<Option type="3" />
				<Option compiler="gcc" />
				<Option createDefFile="1" />
				<Option createStaticLib="1" />
				<Compiler>
					<Add option="-O2" />
					<Add option="-m32" />
					<Add option="-DRELEASE" />
					<Add directory="../dep/windows/include" />
				</Compiler>
				<Linker>
					<Add option="-s" />
					<Add option="-m32" />
					<Add option="-lws2_32" />
					<Add directory="../dep/windows/x86" />
				</Linker>
			</Target>
			<Target title="Debug - LLVM">
				<Option output="../bin/strawberry" prefix_auto="1" extension_auto="1" />
				<Option object_output="../obj/libstrawberry/" />
				<Option type="3" />
				<Option compiler="clang" />
				<Option createDefFile="1" />
				<Option createStaticLib="1" />
				<Compiler>
					<Add option="-g" />
					<Add option="-fPIC" />
					<Add option="-Wno-unused-const-variable" />
					<Add option="-DDEBUG" />
					<Add option="-D_SB_ERROR_REPORTING" />
				</Compiler>
			</Target>
			<Target title="Release - LLVM">
				<Option output="../bin/strawberry" prefix_auto="1" extension_auto="1" />
				<Option object_output="../obj/libstrawberry/" />
				<Option type="3" />
				<Option compiler="clang" />
				<Option createDefFile="1" />
				<Option createStaticLib="1" />
				<Compiler>
					<Add option="-O2" />
					<Add option="-fPIC" />
					<Add option="-Wno-unused-const-variable" />
					<Add option="-fno-strict-aliasing" />
					<Add option="-DRELEASE" />
				</Compiler>
				<Linker>
					<Add option="-s" />
				</Linker>
			</Target>
		</Build>
		<Compiler>
			<Add option="-Wall" />
			<Add option="-DHAVE_GMP" />
			<Add option="-DSB_OPT_MLOCK" />
			<Add option="-DSB_INCLUDE_INTRINSICS" />
			<Add option="-DSB_ASSUME_INTRINSICS_AVAILABLE" />
			<Add option="-DSB_CLI_COLORS" />
		</Compiler>
		<Linker>
			<Add option="-lgmp" />
		</Linker>
		<Unit filename="core/bits.h" />
		<Unit filename="core/cli.c">
			<Option compilerVar="CC" />
		</Unit>
		<Unit filename="core/cli.h" />
		<Unit filename="core/error.c">
			<Option compilerVar="CC" />
		</Unit>
		<Unit filename="core/error.h" />
		<Unit filename="core/identid.h" />
		<Unit filename="core/math.c">
			<Option compilerVar="CC" />
		</Unit>
		<Unit filename="core/math.h" />
		<Unit filename="core/memory.c">
			<Option compilerVar="CC" />
		</Unit>
		<Unit filename="core/memory.h" />
		<Unit filename="core/platform.h" />
		<Unit filename="core/sbapi.h" />
		<Unit filename="core/stdincl.h" />
		<Unit filename="core/time.c">
			<Option compilerVar="CC" />
		</Unit>
		<Unit filename="core/time.h" />
		<Unit filename="core/types/bool.h" />
		<Unit filename="core/types/dictionary.c">
			<Option compilerVar="CC" />
		</Unit>
		<Unit filename="core/types/dictionary.h" />
		<Unit filename="crypto/blockmode.c">
			<Option compilerVar="CC" />
		</Unit>
		<Unit filename="crypto/blockmode.h" />
		<Unit filename="crypto/cipher.c">
			<Option compilerVar="CC" />
		</Unit>
		<Unit filename="crypto/cipher.h" />
		<Unit filename="crypto/hashing/md5.c">
			<Option compilerVar="CC" />
		</Unit>
		<Unit filename="crypto/hashing/md5.h" />
		<Unit filename="crypto/hashing/ripemd160.c">
			<Option compilerVar="CC" />
		</Unit>
		<Unit filename="crypto/hashing/ripemd160.h" />
		<Unit filename="crypto/hashing/sha256.c">
			<Option compilerVar="CC" />
		</Unit>
		<Unit filename="crypto/hashing/sha256.h" />
		<Unit filename="crypto/hashing/sha512.c">
			<Option compilerVar="CC" />
		</Unit>
		<Unit filename="crypto/hashing/sha512.h" />
		<Unit filename="crypto/key_exchange/diffiehellman.c">
			<Option compilerVar="CC" />
		</Unit>
		<Unit filename="crypto/key_exchange/diffiehellman.h" />
		<Unit filename="crypto/keygen.c">
			<Option compilerVar="CC" />
		</Unit>
		<Unit filename="crypto/keygen.h" />
		<Unit filename="crypto/otp/isaac-otp.c">
			<Option compilerVar="CC" />
		</Unit>
		<Unit filename="crypto/otp/isaac-otp.h" />
		<Unit filename="crypto/padding/iso97971-2.c">
			<Option compilerVar="CC" />
		</Unit>
		<Unit filename="crypto/padding/iso97971-2.h" />
		<Unit filename="crypto/padding/pkcs7.c">
			<Option compilerVar="CC" />
		</Unit>
		<Unit filename="crypto/padding/pkcs7.h" />
		<Unit filename="crypto/padding/zero.c">
			<Option compilerVar="CC" />
		</Unit>
		<Unit filename="crypto/padding/zero.h" />
		<Unit filename="crypto/prng/isaac.c">
			<Option compilerVar="CC" />
		</Unit>
		<Unit filename="crypto/prng/isaac.h" />
		<Unit filename="crypto/random.c">
			<Option compilerVar="CC" />
		</Unit>
		<Unit filename="crypto/random.h" />
		<Unit filename="crypto/seedgen.c">
			<Option compilerVar="CC" />
		</Unit>
		<Unit filename="crypto/seedgen.h" />
		<Unit filename="crypto/symmetric/rabbit.c">
			<Option compilerVar="CC" />
		</Unit>
		<Unit filename="crypto/symmetric/rabbit.h" />
		<Unit filename="crypto/symmetric/rijndael.c">
			<Option compilerVar="CC" />
		</Unit>
		<Unit filename="crypto/symmetric/rijndael.h" />
		<Unit filename="crypto/symmetric/salsa20.c">
			<Option compilerVar="CC" />
		</Unit>
		<Unit filename="crypto/symmetric/salsa20.h" />
		<Unit filename="dllmain.c">
			<Option compilerVar="CC" />
		</Unit>
		<Unit filename="doc/CompilerFlags.spec" />
		<Unit filename="doc/FileLicenseTemplate.spec" />
		<Unit filename="misc/gmp.c">
			<Option compilerVar="CC" />
		</Unit>
		<Unit filename="misc/gmp.h" />
		<Unit filename="networking/socket.c">
			<Option compilerVar="CC" />
		</Unit>
		<Unit filename="networking/socket.h" />
		<Extensions>
			<code_completion />
			<envvars />
			<debugger />
			<lib_finder disable_auto="1" />
		</Extensions>
	</Project>
</CodeBlocks_project_file>
